// !$*UTF8*$!
{
	archiveVersion = 1;
	classes = {
	};
	objectVersion = 50;
	objects = {

/* Begin PBXBuildFile section */
		3CF4A8A22AA244B579D88F11 /* Pods_looprUITests.framework in Frameworks */ = {isa = PBXBuildFile; fileRef = 6AACF15BF19408459B756327 /* Pods_looprUITests.framework */; };
		55930CFD144E171163776B89 /* Pods_looprTests.framework in Frameworks */ = {isa = PBXBuildFile; fileRef = 2F903426DDC531302F88F958 /* Pods_looprTests.framework */; };
		865152B524F273C82038123B /* Pods_loopr.framework in Frameworks */ = {isa = PBXBuildFile; fileRef = D0A2719A0A9297714D902345 /* Pods_loopr.framework */; };
		9BB7D7A32294FD0800E8E7F6 /* AppDelegate.swift in Sources */ = {isa = PBXBuildFile; fileRef = 9BB7D7A22294FD0800E8E7F6 /* AppDelegate.swift */; };
		9BB7D7A52294FD0800E8E7F6 /* ViewController.swift in Sources */ = {isa = PBXBuildFile; fileRef = 9BB7D7A42294FD0800E8E7F6 /* ViewController.swift */; };
		9BB7D7A82294FD0800E8E7F6 /* Main.storyboard in Resources */ = {isa = PBXBuildFile; fileRef = 9BB7D7A62294FD0800E8E7F6 /* Main.storyboard */; };
		9BB7D7AA2294FD0D00E8E7F6 /* Assets.xcassets in Resources */ = {isa = PBXBuildFile; fileRef = 9BB7D7A92294FD0D00E8E7F6 /* Assets.xcassets */; };
		9BB7D7AD2294FD0D00E8E7F6 /* LaunchScreen.storyboard in Resources */ = {isa = PBXBuildFile; fileRef = 9BB7D7AB2294FD0D00E8E7F6 /* LaunchScreen.storyboard */; };
		9BB7D7B82294FD0F00E8E7F6 /* looprTests.swift in Sources */ = {isa = PBXBuildFile; fileRef = 9BB7D7B72294FD0F00E8E7F6 /* looprTests.swift */; };
		9BB7D7C32294FD0F00E8E7F6 /* looprUITests.swift in Sources */ = {isa = PBXBuildFile; fileRef = 9BB7D7C22294FD0F00E8E7F6 /* looprUITests.swift */; };
		9BB7D7D6229663D400E8E7F6 /* Request.swift in Sources */ = {isa = PBXBuildFile; fileRef = 9BB7D7D5229663D400E8E7F6 /* Request.swift */; };
		9BB7D7DD229666C800E8E7F6 /* FlutterEntrypoint.swift in Sources */ = {isa = PBXBuildFile; fileRef = 9BB7D7D8229666C800E8E7F6 /* FlutterEntrypoint.swift */; };
		9BB7D7DE229666C800E8E7F6 /* FlutterChannel.swift in Sources */ = {isa = PBXBuildFile; fileRef = 9BB7D7D9229666C800E8E7F6 /* FlutterChannel.swift */; };
		9BB7D7E0229666C800E8E7F6 /* FlutterMethod.swift in Sources */ = {isa = PBXBuildFile; fileRef = 9BB7D7DB229666C800E8E7F6 /* FlutterMethod.swift */; };
		9BB7D7E1229666C800E8E7F6 /* FlutterViewControllerProtocol.swift in Sources */ = {isa = PBXBuildFile; fileRef = 9BB7D7DC229666C800E8E7F6 /* FlutterViewControllerProtocol.swift */; };
		9BB7D7E6229669CA00E8E7F6 /* DefaultNotificationBanner.swift in Sources */ = {isa = PBXBuildFile; fileRef = 9BB7D7E4229669CA00E8E7F6 /* DefaultNotificationBanner.swift */; };
		9BB7D7E7229669CA00E8E7F6 /* NotificationBannerStyle.swift in Sources */ = {isa = PBXBuildFile; fileRef = 9BB7D7E5229669CA00E8E7F6 /* NotificationBannerStyle.swift */; };
		9BB7D7EA22966A8100E8E7F6 /* Localizator.swift in Sources */ = {isa = PBXBuildFile; fileRef = 9BB7D7E922966A8100E8E7F6 /* Localizator.swift */; };
		9BB7D7ED22966ADA00E8E7F6 /* Language.swift in Sources */ = {isa = PBXBuildFile; fileRef = 9BB7D7EC22966ADA00E8E7F6 /* Language.swift */; };
/* End PBXBuildFile section */

/* Begin PBXContainerItemProxy section */
		9BB7D7B42294FD0F00E8E7F6 /* PBXContainerItemProxy */ = {
			isa = PBXContainerItemProxy;
			containerPortal = 9BB7D7972294FD0800E8E7F6 /* Project object */;
			proxyType = 1;
			remoteGlobalIDString = 9BB7D79E2294FD0800E8E7F6;
			remoteInfo = loopr;
		};
		9BB7D7BF2294FD0F00E8E7F6 /* PBXContainerItemProxy */ = {
			isa = PBXContainerItemProxy;
			containerPortal = 9BB7D7972294FD0800E8E7F6 /* Project object */;
			proxyType = 1;
			remoteGlobalIDString = 9BB7D79E2294FD0800E8E7F6;
			remoteInfo = loopr;
		};
/* End PBXContainerItemProxy section */

/* Begin PBXFileReference section */
		10F979F5BAA75E15B1B5BB9C /* Pods-loopr.debug.xcconfig */ = {isa = PBXFileReference; includeInIndex = 1; lastKnownFileType = text.xcconfig; name = "Pods-loopr.debug.xcconfig"; path = "Pods/Target Support Files/Pods-loopr/Pods-loopr.debug.xcconfig"; sourceTree = "<group>"; };
		2F903426DDC531302F88F958 /* Pods_looprTests.framework */ = {isa = PBXFileReference; explicitFileType = wrapper.framework; includeInIndex = 0; path = Pods_looprTests.framework; sourceTree = BUILT_PRODUCTS_DIR; };
		52B68829111FAABA852D061C /* Pods-looprUITests.debug.xcconfig */ = {isa = PBXFileReference; includeInIndex = 1; lastKnownFileType = text.xcconfig; name = "Pods-looprUITests.debug.xcconfig"; path = "Pods/Target Support Files/Pods-looprUITests/Pods-looprUITests.debug.xcconfig"; sourceTree = "<group>"; };
		63C6F0BD955CFE79017E7B20 /* Pods-loopr.release.xcconfig */ = {isa = PBXFileReference; includeInIndex = 1; lastKnownFileType = text.xcconfig; name = "Pods-loopr.release.xcconfig"; path = "Pods/Target Support Files/Pods-loopr/Pods-loopr.release.xcconfig"; sourceTree = "<group>"; };
		6AACF15BF19408459B756327 /* Pods_looprUITests.framework */ = {isa = PBXFileReference; explicitFileType = wrapper.framework; includeInIndex = 0; path = Pods_looprUITests.framework; sourceTree = BUILT_PRODUCTS_DIR; };
		94962C161E08BFD2C10B4563 /* Pods-looprTests.release.xcconfig */ = {isa = PBXFileReference; includeInIndex = 1; lastKnownFileType = text.xcconfig; name = "Pods-looprTests.release.xcconfig"; path = "Pods/Target Support Files/Pods-looprTests/Pods-looprTests.release.xcconfig"; sourceTree = "<group>"; };
		9BB7D79F2294FD0800E8E7F6 /* loopr.app */ = {isa = PBXFileReference; explicitFileType = wrapper.application; includeInIndex = 0; path = loopr.app; sourceTree = BUILT_PRODUCTS_DIR; };
		9BB7D7A22294FD0800E8E7F6 /* AppDelegate.swift */ = {isa = PBXFileReference; lastKnownFileType = sourcecode.swift; path = AppDelegate.swift; sourceTree = "<group>"; };
		9BB7D7A42294FD0800E8E7F6 /* ViewController.swift */ = {isa = PBXFileReference; lastKnownFileType = sourcecode.swift; path = ViewController.swift; sourceTree = "<group>"; };
		9BB7D7A72294FD0800E8E7F6 /* Base */ = {isa = PBXFileReference; lastKnownFileType = file.storyboard; name = Base; path = Base.lproj/Main.storyboard; sourceTree = "<group>"; };
		9BB7D7A92294FD0D00E8E7F6 /* Assets.xcassets */ = {isa = PBXFileReference; lastKnownFileType = folder.assetcatalog; path = Assets.xcassets; sourceTree = "<group>"; };
		9BB7D7AC2294FD0D00E8E7F6 /* Base */ = {isa = PBXFileReference; lastKnownFileType = file.storyboard; name = Base; path = Base.lproj/LaunchScreen.storyboard; sourceTree = "<group>"; };
		9BB7D7AE2294FD0D00E8E7F6 /* Info.plist */ = {isa = PBXFileReference; lastKnownFileType = text.plist.xml; path = Info.plist; sourceTree = "<group>"; };
		9BB7D7B32294FD0F00E8E7F6 /* looprTests.xctest */ = {isa = PBXFileReference; explicitFileType = wrapper.cfbundle; includeInIndex = 0; path = looprTests.xctest; sourceTree = BUILT_PRODUCTS_DIR; };
		9BB7D7B72294FD0F00E8E7F6 /* looprTests.swift */ = {isa = PBXFileReference; lastKnownFileType = sourcecode.swift; path = looprTests.swift; sourceTree = "<group>"; };
		9BB7D7B92294FD0F00E8E7F6 /* Info.plist */ = {isa = PBXFileReference; lastKnownFileType = text.plist.xml; path = Info.plist; sourceTree = "<group>"; };
		9BB7D7BE2294FD0F00E8E7F6 /* looprUITests.xctest */ = {isa = PBXFileReference; explicitFileType = wrapper.cfbundle; includeInIndex = 0; path = looprUITests.xctest; sourceTree = BUILT_PRODUCTS_DIR; };
		9BB7D7C22294FD0F00E8E7F6 /* looprUITests.swift */ = {isa = PBXFileReference; lastKnownFileType = sourcecode.swift; path = looprUITests.swift; sourceTree = "<group>"; };
		9BB7D7C42294FD0F00E8E7F6 /* Info.plist */ = {isa = PBXFileReference; lastKnownFileType = text.plist.xml; path = Info.plist; sourceTree = "<group>"; };
		9BB7D7D5229663D400E8E7F6 /* Request.swift */ = {isa = PBXFileReference; fileEncoding = 4; lastKnownFileType = sourcecode.swift; path = Request.swift; sourceTree = "<group>"; };
		9BB7D7D8229666C800E8E7F6 /* FlutterEntrypoint.swift */ = {isa = PBXFileReference; fileEncoding = 4; lastKnownFileType = sourcecode.swift; path = FlutterEntrypoint.swift; sourceTree = "<group>"; };
		9BB7D7D9229666C800E8E7F6 /* FlutterChannel.swift */ = {isa = PBXFileReference; fileEncoding = 4; lastKnownFileType = sourcecode.swift; path = FlutterChannel.swift; sourceTree = "<group>"; };
		9BB7D7DB229666C800E8E7F6 /* FlutterMethod.swift */ = {isa = PBXFileReference; fileEncoding = 4; lastKnownFileType = sourcecode.swift; path = FlutterMethod.swift; sourceTree = "<group>"; };
		9BB7D7DC229666C800E8E7F6 /* FlutterViewControllerProtocol.swift */ = {isa = PBXFileReference; fileEncoding = 4; lastKnownFileType = sourcecode.swift; path = FlutterViewControllerProtocol.swift; sourceTree = "<group>"; };
		9BB7D7E4229669CA00E8E7F6 /* DefaultNotificationBanner.swift */ = {isa = PBXFileReference; fileEncoding = 4; lastKnownFileType = sourcecode.swift; path = DefaultNotificationBanner.swift; sourceTree = "<group>"; };
		9BB7D7E5229669CA00E8E7F6 /* NotificationBannerStyle.swift */ = {isa = PBXFileReference; fileEncoding = 4; lastKnownFileType = sourcecode.swift; path = NotificationBannerStyle.swift; sourceTree = "<group>"; };
		9BB7D7E922966A8100E8E7F6 /* Localizator.swift */ = {isa = PBXFileReference; fileEncoding = 4; lastKnownFileType = sourcecode.swift; path = Localizator.swift; sourceTree = "<group>"; };
		9BB7D7EC22966ADA00E8E7F6 /* Language.swift */ = {isa = PBXFileReference; fileEncoding = 4; lastKnownFileType = sourcecode.swift; path = Language.swift; sourceTree = "<group>"; };
		B57F4029755AA5A322AFDA1A /* Pods-looprUITests.release.xcconfig */ = {isa = PBXFileReference; includeInIndex = 1; lastKnownFileType = text.xcconfig; name = "Pods-looprUITests.release.xcconfig"; path = "Pods/Target Support Files/Pods-looprUITests/Pods-looprUITests.release.xcconfig"; sourceTree = "<group>"; };
		D0A2719A0A9297714D902345 /* Pods_loopr.framework */ = {isa = PBXFileReference; explicitFileType = wrapper.framework; includeInIndex = 0; path = Pods_loopr.framework; sourceTree = BUILT_PRODUCTS_DIR; };
		F574C228CEC0E60BAD1ECB62 /* Pods-looprTests.debug.xcconfig */ = {isa = PBXFileReference; includeInIndex = 1; lastKnownFileType = text.xcconfig; name = "Pods-looprTests.debug.xcconfig"; path = "Pods/Target Support Files/Pods-looprTests/Pods-looprTests.debug.xcconfig"; sourceTree = "<group>"; };
/* End PBXFileReference section */

/* Begin PBXFrameworksBuildPhase section */
		9BB7D79C2294FD0800E8E7F6 /* Frameworks */ = {
			isa = PBXFrameworksBuildPhase;
			buildActionMask = 2147483647;
			files = (
				865152B524F273C82038123B /* Pods_loopr.framework in Frameworks */,
			);
			runOnlyForDeploymentPostprocessing = 0;
		};
		9BB7D7B02294FD0F00E8E7F6 /* Frameworks */ = {
			isa = PBXFrameworksBuildPhase;
			buildActionMask = 2147483647;
			files = (
				55930CFD144E171163776B89 /* Pods_looprTests.framework in Frameworks */,
			);
			runOnlyForDeploymentPostprocessing = 0;
		};
		9BB7D7BB2294FD0F00E8E7F6 /* Frameworks */ = {
			isa = PBXFrameworksBuildPhase;
			buildActionMask = 2147483647;
			files = (
				3CF4A8A22AA244B579D88F11 /* Pods_looprUITests.framework in Frameworks */,
			);
			runOnlyForDeploymentPostprocessing = 0;
		};
/* End PBXFrameworksBuildPhase section */

/* Begin PBXGroup section */
		16191E92765E8A1977416C50 /* Frameworks */ = {
			isa = PBXGroup;
			children = (
				D0A2719A0A9297714D902345 /* Pods_loopr.framework */,
				2F903426DDC531302F88F958 /* Pods_looprTests.framework */,
				6AACF15BF19408459B756327 /* Pods_looprUITests.framework */,
			);
			name = Frameworks;
			sourceTree = "<group>";
		};
		3031AB66CD8E681A2293BC99 /* Pods */ = {
			isa = PBXGroup;
			children = (
				10F979F5BAA75E15B1B5BB9C /* Pods-loopr.debug.xcconfig */,
				63C6F0BD955CFE79017E7B20 /* Pods-loopr.release.xcconfig */,
				F574C228CEC0E60BAD1ECB62 /* Pods-looprTests.debug.xcconfig */,
				94962C161E08BFD2C10B4563 /* Pods-looprTests.release.xcconfig */,
				52B68829111FAABA852D061C /* Pods-looprUITests.debug.xcconfig */,
				B57F4029755AA5A322AFDA1A /* Pods-looprUITests.release.xcconfig */,
			);
			name = Pods;
			sourceTree = "<group>";
		};
		9BB7D7962294FD0800E8E7F6 = {
			isa = PBXGroup;
			children = (
				9BB7D7A12294FD0800E8E7F6 /* loopr */,
				9BB7D7B62294FD0F00E8E7F6 /* looprTests */,
				9BB7D7C12294FD0F00E8E7F6 /* looprUITests */,
				9BB7D7A02294FD0800E8E7F6 /* Products */,
				3031AB66CD8E681A2293BC99 /* Pods */,
				16191E92765E8A1977416C50 /* Frameworks */,
			);
			sourceTree = "<group>";
		};
		9BB7D7A02294FD0800E8E7F6 /* Products */ = {
			isa = PBXGroup;
			children = (
				9BB7D79F2294FD0800E8E7F6 /* loopr.app */,
				9BB7D7B32294FD0F00E8E7F6 /* looprTests.xctest */,
				9BB7D7BE2294FD0F00E8E7F6 /* looprUITests.xctest */,
			);
			name = Products;
			sourceTree = "<group>";
		};
		9BB7D7A12294FD0800E8E7F6 /* loopr */ = {
			isa = PBXGroup;
			children = (
				9BB7D7A22294FD0800E8E7F6 /* AppDelegate.swift */,
				9BB7D7A42294FD0800E8E7F6 /* ViewController.swift */,
				9BB7D7EB22966AAC00E8E7F6 /* Models */,
				9BB7D7E822966A4F00E8E7F6 /* Localizable */,
				9BB7D7D4229663D400E8E7F6 /* loopr-ios-sdk */,
				9BB7D7D7229664C800E8E7F6 /* Flutter */,
				9BB7D7E22296677D00E8E7F6 /* UIComponents */,
				9BB7D7A62294FD0800E8E7F6 /* Main.storyboard */,
				9BB7D7A92294FD0D00E8E7F6 /* Assets.xcassets */,
				9BB7D7AB2294FD0D00E8E7F6 /* LaunchScreen.storyboard */,
				9BB7D7AE2294FD0D00E8E7F6 /* Info.plist */,
			);
			path = loopr;
			sourceTree = "<group>";
		};
		9BB7D7B62294FD0F00E8E7F6 /* looprTests */ = {
			isa = PBXGroup;
			children = (
				9BB7D7B72294FD0F00E8E7F6 /* looprTests.swift */,
				9BB7D7B92294FD0F00E8E7F6 /* Info.plist */,
			);
			path = looprTests;
			sourceTree = "<group>";
		};
		9BB7D7C12294FD0F00E8E7F6 /* looprUITests */ = {
			isa = PBXGroup;
			children = (
				9BB7D7C22294FD0F00E8E7F6 /* looprUITests.swift */,
				9BB7D7C42294FD0F00E8E7F6 /* Info.plist */,
			);
			path = looprUITests;
			sourceTree = "<group>";
		};
		9BB7D7D4229663D400E8E7F6 /* loopr-ios-sdk */ = {
			isa = PBXGroup;
			children = (
				9BB7D7D5229663D400E8E7F6 /* Request.swift */,
			);
			path = "loopr-ios-sdk";
			sourceTree = "<group>";
		};
		9BB7D7D7229664C800E8E7F6 /* Flutter */ = {
			isa = PBXGroup;
			children = (
				9BB7D7D9229666C800E8E7F6 /* FlutterChannel.swift */,
				9BB7D7D8229666C800E8E7F6 /* FlutterEntrypoint.swift */,
				9BB7D7DB229666C800E8E7F6 /* FlutterMethod.swift */,
				9BB7D7DC229666C800E8E7F6 /* FlutterViewControllerProtocol.swift */,
			);
			path = Flutter;
			sourceTree = "<group>";
		};
		9BB7D7E22296677D00E8E7F6 /* UIComponents */ = {
			isa = PBXGroup;
			children = (
				9BB7D7E3229669CA00E8E7F6 /* NotificationBanner */,
			);
			path = UIComponents;
			sourceTree = "<group>";
		};
		9BB7D7E3229669CA00E8E7F6 /* NotificationBanner */ = {
			isa = PBXGroup;
			children = (
				9BB7D7E4229669CA00E8E7F6 /* DefaultNotificationBanner.swift */,
				9BB7D7E5229669CA00E8E7F6 /* NotificationBannerStyle.swift */,
			);
			path = NotificationBanner;
			sourceTree = "<group>";
		};
		9BB7D7E822966A4F00E8E7F6 /* Localizable */ = {
			isa = PBXGroup;
			children = (
				9BB7D7E922966A8100E8E7F6 /* Localizator.swift */,
			);
			path = Localizable;
			sourceTree = "<group>";
		};
		9BB7D7EB22966AAC00E8E7F6 /* Models */ = {
			isa = PBXGroup;
			children = (
				9BB7D7EC22966ADA00E8E7F6 /* Language.swift */,
			);
			path = Models;
			sourceTree = "<group>";
		};
/* End PBXGroup section */

/* Begin PBXNativeTarget section */
		9BB7D79E2294FD0800E8E7F6 /* loopr */ = {
			isa = PBXNativeTarget;
			buildConfigurationList = 9BB7D7C72294FD0F00E8E7F6 /* Build configuration list for PBXNativeTarget "loopr" */;
			buildPhases = (
				68D56F2AF71F1680B1D5A7D0 /* [CP] Check Pods Manifest.lock */,
				9BB7D79B2294FD0800E8E7F6 /* Sources */,
				9BB7D79C2294FD0800E8E7F6 /* Frameworks */,
				9BB7D79D2294FD0800E8E7F6 /* Resources */,
				9BB7D7D022951BB300E8E7F6 /* ShellScript */,
				EDB11335534938FD1ED1D3AB /* [CP] Embed Pods Frameworks */,
			);
			buildRules = (
			);
			dependencies = (
			);
			name = loopr;
			productName = loopr;
			productReference = 9BB7D79F2294FD0800E8E7F6 /* loopr.app */;
			productType = "com.apple.product-type.application";
		};
		9BB7D7B22294FD0F00E8E7F6 /* looprTests */ = {
			isa = PBXNativeTarget;
			buildConfigurationList = 9BB7D7CA2294FD0F00E8E7F6 /* Build configuration list for PBXNativeTarget "looprTests" */;
			buildPhases = (
				246AC4F26526119CB154EE4B /* [CP] Check Pods Manifest.lock */,
				9BB7D7AF2294FD0F00E8E7F6 /* Sources */,
				9BB7D7B02294FD0F00E8E7F6 /* Frameworks */,
				9BB7D7B12294FD0F00E8E7F6 /* Resources */,
			);
			buildRules = (
			);
			dependencies = (
				9BB7D7B52294FD0F00E8E7F6 /* PBXTargetDependency */,
			);
			name = looprTests;
			productName = looprTests;
			productReference = 9BB7D7B32294FD0F00E8E7F6 /* looprTests.xctest */;
			productType = "com.apple.product-type.bundle.unit-test";
		};
		9BB7D7BD2294FD0F00E8E7F6 /* looprUITests */ = {
			isa = PBXNativeTarget;
			buildConfigurationList = 9BB7D7CD2294FD0F00E8E7F6 /* Build configuration list for PBXNativeTarget "looprUITests" */;
			buildPhases = (
				7D22A65C69CA86B78377EB8A /* [CP] Check Pods Manifest.lock */,
				9BB7D7BA2294FD0F00E8E7F6 /* Sources */,
				9BB7D7BB2294FD0F00E8E7F6 /* Frameworks */,
				9BB7D7BC2294FD0F00E8E7F6 /* Resources */,
			);
			buildRules = (
			);
			dependencies = (
				9BB7D7C02294FD0F00E8E7F6 /* PBXTargetDependency */,
			);
			name = looprUITests;
			productName = looprUITests;
			productReference = 9BB7D7BE2294FD0F00E8E7F6 /* looprUITests.xctest */;
			productType = "com.apple.product-type.bundle.ui-testing";
		};
/* End PBXNativeTarget section */

/* Begin PBXProject section */
		9BB7D7972294FD0800E8E7F6 /* Project object */ = {
			isa = PBXProject;
			attributes = {
				LastSwiftUpdateCheck = 1020;
				LastUpgradeCheck = 1020;
				ORGANIZATIONNAME = carroll;
				TargetAttributes = {
					9BB7D79E2294FD0800E8E7F6 = {
						CreatedOnToolsVersion = 10.2.1;
					};
					9BB7D7B22294FD0F00E8E7F6 = {
						CreatedOnToolsVersion = 10.2.1;
						TestTargetID = 9BB7D79E2294FD0800E8E7F6;
					};
					9BB7D7BD2294FD0F00E8E7F6 = {
						CreatedOnToolsVersion = 10.2.1;
						TestTargetID = 9BB7D79E2294FD0800E8E7F6;
					};
				};
			};
			buildConfigurationList = 9BB7D79A2294FD0800E8E7F6 /* Build configuration list for PBXProject "loopr" */;
			compatibilityVersion = "Xcode 9.3";
			developmentRegion = en;
			hasScannedForEncodings = 0;
			knownRegions = (
				en,
				Base,
			);
			mainGroup = 9BB7D7962294FD0800E8E7F6;
			productRefGroup = 9BB7D7A02294FD0800E8E7F6 /* Products */;
			projectDirPath = "";
			projectRoot = "";
			targets = (
				9BB7D79E2294FD0800E8E7F6 /* loopr */,
				9BB7D7B22294FD0F00E8E7F6 /* looprTests */,
				9BB7D7BD2294FD0F00E8E7F6 /* looprUITests */,
			);
		};
/* End PBXProject section */

/* Begin PBXResourcesBuildPhase section */
		9BB7D79D2294FD0800E8E7F6 /* Resources */ = {
			isa = PBXResourcesBuildPhase;
			buildActionMask = 2147483647;
			files = (
				9BB7D7AD2294FD0D00E8E7F6 /* LaunchScreen.storyboard in Resources */,
				9BB7D7AA2294FD0D00E8E7F6 /* Assets.xcassets in Resources */,
				9BB7D7A82294FD0800E8E7F6 /* Main.storyboard in Resources */,
			);
			runOnlyForDeploymentPostprocessing = 0;
		};
		9BB7D7B12294FD0F00E8E7F6 /* Resources */ = {
			isa = PBXResourcesBuildPhase;
			buildActionMask = 2147483647;
			files = (
			);
			runOnlyForDeploymentPostprocessing = 0;
		};
		9BB7D7BC2294FD0F00E8E7F6 /* Resources */ = {
			isa = PBXResourcesBuildPhase;
			buildActionMask = 2147483647;
			files = (
			);
			runOnlyForDeploymentPostprocessing = 0;
		};
/* End PBXResourcesBuildPhase section */

/* Begin PBXShellScriptBuildPhase section */
		246AC4F26526119CB154EE4B /* [CP] Check Pods Manifest.lock */ = {
			isa = PBXShellScriptBuildPhase;
			buildActionMask = 2147483647;
			files = (
			);
			inputFileListPaths = (
			);
			inputPaths = (
				"${PODS_PODFILE_DIR_PATH}/Podfile.lock",
				"${PODS_ROOT}/Manifest.lock",
			);
			name = "[CP] Check Pods Manifest.lock";
			outputFileListPaths = (
			);
			outputPaths = (
				"$(DERIVED_FILE_DIR)/Pods-looprTests-checkManifestLockResult.txt",
			);
			runOnlyForDeploymentPostprocessing = 0;
			shellPath = /bin/sh;
			shellScript = "diff \"${PODS_PODFILE_DIR_PATH}/Podfile.lock\" \"${PODS_ROOT}/Manifest.lock\" > /dev/null\nif [ $? != 0 ] ; then\n    # print error to STDERR\n    echo \"error: The sandbox is not in sync with the Podfile.lock. Run 'pod install' or update your CocoaPods installation.\" >&2\n    exit 1\nfi\n# This output is used by Xcode 'outputs' to avoid re-running this script phase.\necho \"SUCCESS\" > \"${SCRIPT_OUTPUT_FILE_0}\"\n";
			showEnvVarsInLog = 0;
		};
		68D56F2AF71F1680B1D5A7D0 /* [CP] Check Pods Manifest.lock */ = {
			isa = PBXShellScriptBuildPhase;
			buildActionMask = 2147483647;
			files = (
			);
			inputFileListPaths = (
			);
			inputPaths = (
				"${PODS_PODFILE_DIR_PATH}/Podfile.lock",
				"${PODS_ROOT}/Manifest.lock",
			);
			name = "[CP] Check Pods Manifest.lock";
			outputFileListPaths = (
			);
			outputPaths = (
				"$(DERIVED_FILE_DIR)/Pods-loopr-checkManifestLockResult.txt",
			);
			runOnlyForDeploymentPostprocessing = 0;
			shellPath = /bin/sh;
			shellScript = "diff \"${PODS_PODFILE_DIR_PATH}/Podfile.lock\" \"${PODS_ROOT}/Manifest.lock\" > /dev/null\nif [ $? != 0 ] ; then\n    # print error to STDERR\n    echo \"error: The sandbox is not in sync with the Podfile.lock. Run 'pod install' or update your CocoaPods installation.\" >&2\n    exit 1\nfi\n# This output is used by Xcode 'outputs' to avoid re-running this script phase.\necho \"SUCCESS\" > \"${SCRIPT_OUTPUT_FILE_0}\"\n";
			showEnvVarsInLog = 0;
		};
		7D22A65C69CA86B78377EB8A /* [CP] Check Pods Manifest.lock */ = {
			isa = PBXShellScriptBuildPhase;
			buildActionMask = 2147483647;
			files = (
			);
			inputFileListPaths = (
			);
			inputPaths = (
				"${PODS_PODFILE_DIR_PATH}/Podfile.lock",
				"${PODS_ROOT}/Manifest.lock",
			);
			name = "[CP] Check Pods Manifest.lock";
			outputFileListPaths = (
			);
			outputPaths = (
				"$(DERIVED_FILE_DIR)/Pods-looprUITests-checkManifestLockResult.txt",
			);
			runOnlyForDeploymentPostprocessing = 0;
			shellPath = /bin/sh;
			shellScript = "diff \"${PODS_PODFILE_DIR_PATH}/Podfile.lock\" \"${PODS_ROOT}/Manifest.lock\" > /dev/null\nif [ $? != 0 ] ; then\n    # print error to STDERR\n    echo \"error: The sandbox is not in sync with the Podfile.lock. Run 'pod install' or update your CocoaPods installation.\" >&2\n    exit 1\nfi\n# This output is used by Xcode 'outputs' to avoid re-running this script phase.\necho \"SUCCESS\" > \"${SCRIPT_OUTPUT_FILE_0}\"\n";
			showEnvVarsInLog = 0;
		};
		9BB7D7D022951BB300E8E7F6 /* ShellScript */ = {
			isa = PBXShellScriptBuildPhase;
			buildActionMask = 2147483647;
			files = (
			);
			inputFileListPaths = (
			);
			inputPaths = (
			);
			outputFileListPaths = (
			);
			outputPaths = (
			);
			runOnlyForDeploymentPostprocessing = 0;
			shellPath = /bin/sh;
			shellScript = "\"${PODS_ROOT}/SwiftLint/swiftlint\"\n";
		};
		EDB11335534938FD1ED1D3AB /* [CP] Embed Pods Frameworks */ = {
			isa = PBXShellScriptBuildPhase;
			buildActionMask = 2147483647;
			files = (
			);
			inputFileListPaths = (
			);
			inputPaths = (
				"${SRCROOT}/Pods/Target Support Files/Pods-loopr/Pods-loopr-frameworks.sh",
				"${PODS_ROOT}/../../flutter/.ios/Flutter/engine/Flutter.framework",
				"${BUILT_PRODUCTS_DIR}/FlutterPluginRegistrant/FlutterPluginRegistrant.framework",
				"${BUILT_PRODUCTS_DIR}/MarqueeLabel/MarqueeLabel.framework",
				"${BUILT_PRODUCTS_DIR}/NotificationBannerSwift/NotificationBannerSwift.framework",
				"${BUILT_PRODUCTS_DIR}/SVProgressHUD/SVProgressHUD.framework",
				"${BUILT_PRODUCTS_DIR}/SnapKit/SnapKit.framework",
				"${BUILT_PRODUCTS_DIR}/SwiftyJSON/SwiftyJSON.framework",
			);
			name = "[CP] Embed Pods Frameworks";
			outputFileListPaths = (
			);
			outputPaths = (
				"${TARGET_BUILD_DIR}/${FRAMEWORKS_FOLDER_PATH}/Flutter.framework",
				"${TARGET_BUILD_DIR}/${FRAMEWORKS_FOLDER_PATH}/FlutterPluginRegistrant.framework",
				"${TARGET_BUILD_DIR}/${FRAMEWORKS_FOLDER_PATH}/MarqueeLabel.framework",
				"${TARGET_BUILD_DIR}/${FRAMEWORKS_FOLDER_PATH}/NotificationBannerSwift.framework",
				"${TARGET_BUILD_DIR}/${FRAMEWORKS_FOLDER_PATH}/SVProgressHUD.framework",
				"${TARGET_BUILD_DIR}/${FRAMEWORKS_FOLDER_PATH}/SnapKit.framework",
				"${TARGET_BUILD_DIR}/${FRAMEWORKS_FOLDER_PATH}/SwiftyJSON.framework",
			);
			runOnlyForDeploymentPostprocessing = 0;
			shellPath = /bin/sh;
			shellScript = "\"${SRCROOT}/Pods/Target Support Files/Pods-loopr/Pods-loopr-frameworks.sh\"\n";
			showEnvVarsInLog = 0;
		};
/* End PBXShellScriptBuildPhase section */

/* Begin PBXSourcesBuildPhase section */
		9BB7D79B2294FD0800E8E7F6 /* Sources */ = {
			isa = PBXSourcesBuildPhase;
			buildActionMask = 2147483647;
			files = (
				9BB7D7DD229666C800E8E7F6 /* FlutterEntrypoint.swift in Sources */,
				9BB7D7E7229669CA00E8E7F6 /* NotificationBannerStyle.swift in Sources */,
				9BB7D7A52294FD0800E8E7F6 /* ViewController.swift in Sources */,
				9BB7D7D6229663D400E8E7F6 /* Request.swift in Sources */,
				9BB7D7DE229666C800E8E7F6 /* FlutterChannel.swift in Sources */,
				9BB7D7E6229669CA00E8E7F6 /* DefaultNotificationBanner.swift in Sources */,
				9BB7D7E1229666C800E8E7F6 /* FlutterViewControllerProtocol.swift in Sources */,
				9BB7D7A32294FD0800E8E7F6 /* AppDelegate.swift in Sources */,
				9BB7D7ED22966ADA00E8E7F6 /* Language.swift in Sources */,
				9BB7D7E0229666C800E8E7F6 /* FlutterMethod.swift in Sources */,
				9BB7D7EA22966A8100E8E7F6 /* Localizator.swift in Sources */,
			);
			runOnlyForDeploymentPostprocessing = 0;
		};
		9BB7D7AF2294FD0F00E8E7F6 /* Sources */ = {
			isa = PBXSourcesBuildPhase;
			buildActionMask = 2147483647;
			files = (
				9BB7D7B82294FD0F00E8E7F6 /* looprTests.swift in Sources */,
			);
			runOnlyForDeploymentPostprocessing = 0;
		};
		9BB7D7BA2294FD0F00E8E7F6 /* Sources */ = {
			isa = PBXSourcesBuildPhase;
			buildActionMask = 2147483647;
			files = (
				9BB7D7C32294FD0F00E8E7F6 /* looprUITests.swift in Sources */,
			);
			runOnlyForDeploymentPostprocessing = 0;
		};
/* End PBXSourcesBuildPhase section */

/* Begin PBXTargetDependency section */
		9BB7D7B52294FD0F00E8E7F6 /* PBXTargetDependency */ = {
			isa = PBXTargetDependency;
			target = 9BB7D79E2294FD0800E8E7F6 /* loopr */;
			targetProxy = 9BB7D7B42294FD0F00E8E7F6 /* PBXContainerItemProxy */;
		};
		9BB7D7C02294FD0F00E8E7F6 /* PBXTargetDependency */ = {
			isa = PBXTargetDependency;
			target = 9BB7D79E2294FD0800E8E7F6 /* loopr */;
			targetProxy = 9BB7D7BF2294FD0F00E8E7F6 /* PBXContainerItemProxy */;
		};
/* End PBXTargetDependency section */

/* Begin PBXVariantGroup section */
		9BB7D7A62294FD0800E8E7F6 /* Main.storyboard */ = {
			isa = PBXVariantGroup;
			children = (
				9BB7D7A72294FD0800E8E7F6 /* Base */,
			);
			name = Main.storyboard;
			sourceTree = "<group>";
		};
		9BB7D7AB2294FD0D00E8E7F6 /* LaunchScreen.storyboard */ = {
			isa = PBXVariantGroup;
			children = (
				9BB7D7AC2294FD0D00E8E7F6 /* Base */,
			);
			name = LaunchScreen.storyboard;
			sourceTree = "<group>";
		};
/* End PBXVariantGroup section */

/* Begin XCBuildConfiguration section */
		9BB7D7C52294FD0F00E8E7F6 /* Debug */ = {
			isa = XCBuildConfiguration;
			buildSettings = {
				ALWAYS_SEARCH_USER_PATHS = NO;
				CLANG_ANALYZER_NONNULL = YES;
				CLANG_ANALYZER_NUMBER_OBJECT_CONVERSION = YES_AGGRESSIVE;
				CLANG_CXX_LANGUAGE_STANDARD = "gnu++14";
				CLANG_CXX_LIBRARY = "libc++";
				CLANG_ENABLE_MODULES = YES;
				CLANG_ENABLE_OBJC_ARC = YES;
				CLANG_ENABLE_OBJC_WEAK = YES;
				CLANG_WARN_BLOCK_CAPTURE_AUTORELEASING = YES;
				CLANG_WARN_BOOL_CONVERSION = YES;
				CLANG_WARN_COMMA = YES;
				CLANG_WARN_CONSTANT_CONVERSION = YES;
				CLANG_WARN_DEPRECATED_OBJC_IMPLEMENTATIONS = YES;
				CLANG_WARN_DIRECT_OBJC_ISA_USAGE = YES_ERROR;
				CLANG_WARN_DOCUMENTATION_COMMENTS = YES;
				CLANG_WARN_EMPTY_BODY = YES;
				CLANG_WARN_ENUM_CONVERSION = YES;
				CLANG_WARN_INFINITE_RECURSION = YES;
				CLANG_WARN_INT_CONVERSION = YES;
				CLANG_WARN_NON_LITERAL_NULL_CONVERSION = YES;
				CLANG_WARN_OBJC_IMPLICIT_RETAIN_SELF = YES;
				CLANG_WARN_OBJC_LITERAL_CONVERSION = YES;
				CLANG_WARN_OBJC_ROOT_CLASS = YES_ERROR;
				CLANG_WARN_RANGE_LOOP_ANALYSIS = YES;
				CLANG_WARN_STRICT_PROTOTYPES = YES;
				CLANG_WARN_SUSPICIOUS_MOVE = YES;
				CLANG_WARN_UNGUARDED_AVAILABILITY = YES_AGGRESSIVE;
				CLANG_WARN_UNREACHABLE_CODE = YES;
				CLANG_WARN__DUPLICATE_METHOD_MATCH = YES;
				CODE_SIGN_IDENTITY = "iPhone Developer";
				COPY_PHASE_STRIP = NO;
				DEBUG_INFORMATION_FORMAT = dwarf;
				ENABLE_STRICT_OBJC_MSGSEND = YES;
				ENABLE_TESTABILITY = YES;
				GCC_C_LANGUAGE_STANDARD = gnu11;
				GCC_DYNAMIC_NO_PIC = NO;
				GCC_NO_COMMON_BLOCKS = YES;
				GCC_OPTIMIZATION_LEVEL = 0;
				GCC_PREPROCESSOR_DEFINITIONS = (
					"DEBUG=1",
					"$(inherited)",
				);
				GCC_WARN_64_TO_32_BIT_CONVERSION = YES;
				GCC_WARN_ABOUT_RETURN_TYPE = YES_ERROR;
				GCC_WARN_UNDECLARED_SELECTOR = YES;
				GCC_WARN_UNINITIALIZED_AUTOS = YES_AGGRESSIVE;
				GCC_WARN_UNUSED_FUNCTION = YES;
				GCC_WARN_UNUSED_VARIABLE = YES;
				IPHONEOS_DEPLOYMENT_TARGET = 12.2;
				MTL_ENABLE_DEBUG_INFO = INCLUDE_SOURCE;
				MTL_FAST_MATH = YES;
				ONLY_ACTIVE_ARCH = YES;
				SDKROOT = iphoneos;
				SWIFT_ACTIVE_COMPILATION_CONDITIONS = DEBUG;
				SWIFT_OPTIMIZATION_LEVEL = "-Onone";
			};
			name = Debug;
		};
		9BB7D7C62294FD0F00E8E7F6 /* Release */ = {
			isa = XCBuildConfiguration;
			buildSettings = {
				ALWAYS_SEARCH_USER_PATHS = NO;
				CLANG_ANALYZER_NONNULL = YES;
				CLANG_ANALYZER_NUMBER_OBJECT_CONVERSION = YES_AGGRESSIVE;
				CLANG_CXX_LANGUAGE_STANDARD = "gnu++14";
				CLANG_CXX_LIBRARY = "libc++";
				CLANG_ENABLE_MODULES = YES;
				CLANG_ENABLE_OBJC_ARC = YES;
				CLANG_ENABLE_OBJC_WEAK = YES;
				CLANG_WARN_BLOCK_CAPTURE_AUTORELEASING = YES;
				CLANG_WARN_BOOL_CONVERSION = YES;
				CLANG_WARN_COMMA = YES;
				CLANG_WARN_CONSTANT_CONVERSION = YES;
				CLANG_WARN_DEPRECATED_OBJC_IMPLEMENTATIONS = YES;
				CLANG_WARN_DIRECT_OBJC_ISA_USAGE = YES_ERROR;
				CLANG_WARN_DOCUMENTATION_COMMENTS = YES;
				CLANG_WARN_EMPTY_BODY = YES;
				CLANG_WARN_ENUM_CONVERSION = YES;
				CLANG_WARN_INFINITE_RECURSION = YES;
				CLANG_WARN_INT_CONVERSION = YES;
				CLANG_WARN_NON_LITERAL_NULL_CONVERSION = YES;
				CLANG_WARN_OBJC_IMPLICIT_RETAIN_SELF = YES;
				CLANG_WARN_OBJC_LITERAL_CONVERSION = YES;
				CLANG_WARN_OBJC_ROOT_CLASS = YES_ERROR;
				CLANG_WARN_RANGE_LOOP_ANALYSIS = YES;
				CLANG_WARN_STRICT_PROTOTYPES = YES;
				CLANG_WARN_SUSPICIOUS_MOVE = YES;
				CLANG_WARN_UNGUARDED_AVAILABILITY = YES_AGGRESSIVE;
				CLANG_WARN_UNREACHABLE_CODE = YES;
				CLANG_WARN__DUPLICATE_METHOD_MATCH = YES;
				CODE_SIGN_IDENTITY = "iPhone Developer";
				COPY_PHASE_STRIP = NO;
				DEBUG_INFORMATION_FORMAT = "dwarf-with-dsym";
				ENABLE_NS_ASSERTIONS = NO;
				ENABLE_STRICT_OBJC_MSGSEND = YES;
				GCC_C_LANGUAGE_STANDARD = gnu11;
				GCC_NO_COMMON_BLOCKS = YES;
				GCC_WARN_64_TO_32_BIT_CONVERSION = YES;
				GCC_WARN_ABOUT_RETURN_TYPE = YES_ERROR;
				GCC_WARN_UNDECLARED_SELECTOR = YES;
				GCC_WARN_UNINITIALIZED_AUTOS = YES_AGGRESSIVE;
				GCC_WARN_UNUSED_FUNCTION = YES;
				GCC_WARN_UNUSED_VARIABLE = YES;
				IPHONEOS_DEPLOYMENT_TARGET = 12.2;
				MTL_ENABLE_DEBUG_INFO = NO;
				MTL_FAST_MATH = YES;
				SDKROOT = iphoneos;
				SWIFT_COMPILATION_MODE = wholemodule;
				SWIFT_OPTIMIZATION_LEVEL = "-O";
				VALIDATE_PRODUCT = YES;
			};
			name = Release;
		};
		9BB7D7C82294FD0F00E8E7F6 /* Debug */ = {
			isa = XCBuildConfiguration;
			baseConfigurationReference = 10F979F5BAA75E15B1B5BB9C /* Pods-loopr.debug.xcconfig */;
			buildSettings = {
				ASSETCATALOG_COMPILER_APPICON_NAME = AppIcon;
				CODE_SIGN_STYLE = Automatic;
				ENABLE_BITCODE = NO;
				INFOPLIST_FILE = loopr/Info.plist;
				LD_RUNPATH_SEARCH_PATHS = (
					"$(inherited)",
					"@executable_path/Frameworks",
				);
				PRODUCT_BUNDLE_IDENTIFIER = com.west.loopr;
				PRODUCT_NAME = "$(TARGET_NAME)";
				SWIFT_VERSION = 5.0;
				TARGETED_DEVICE_FAMILY = 1;
			};
			name = Debug;
		};
		9BB7D7C92294FD0F00E8E7F6 /* Release */ = {
			isa = XCBuildConfiguration;
			baseConfigurationReference = 63C6F0BD955CFE79017E7B20 /* Pods-loopr.release.xcconfig */;
			buildSettings = {
				ASSETCATALOG_COMPILER_APPICON_NAME = AppIcon;
				CODE_SIGN_STYLE = Automatic;
				ENABLE_BITCODE = NO;
				INFOPLIST_FILE = loopr/Info.plist;
				LD_RUNPATH_SEARCH_PATHS = (
					"$(inherited)",
					"@executable_path/Frameworks",
				);
				PRODUCT_BUNDLE_IDENTIFIER = com.west.loopr;
				PRODUCT_NAME = "$(TARGET_NAME)";
				SWIFT_VERSION = 5.0;
				TARGETED_DEVICE_FAMILY = 1;
			};
			name = Release;
		};
		9BB7D7CB2294FD0F00E8E7F6 /* Debug */ = {
			isa = XCBuildConfiguration;
			baseConfigurationReference = F574C228CEC0E60BAD1ECB62 /* Pods-looprTests.debug.xcconfig */;
			buildSettings = {
				ALWAYS_EMBED_SWIFT_STANDARD_LIBRARIES = YES;
				BUNDLE_LOADER = "$(TEST_HOST)";
				CODE_SIGN_STYLE = Automatic;
				INFOPLIST_FILE = looprTests/Info.plist;
				LD_RUNPATH_SEARCH_PATHS = (
					"$(inherited)",
					"@executable_path/Frameworks",
					"@loader_path/Frameworks",
				);
				PRODUCT_BUNDLE_IDENTIFIER = com.west.looprTests;
				PRODUCT_NAME = "$(TARGET_NAME)";
				SWIFT_VERSION = 5.0;
				TARGETED_DEVICE_FAMILY = "1,2";
				TEST_HOST = "$(BUILT_PRODUCTS_DIR)/loopr.app/loopr";
			};
			name = Debug;
		};
		9BB7D7CC2294FD0F00E8E7F6 /* Release */ = {
			isa = XCBuildConfiguration;
			baseConfigurationReference = 94962C161E08BFD2C10B4563 /* Pods-looprTests.release.xcconfig */;
			buildSettings = {
				ALWAYS_EMBED_SWIFT_STANDARD_LIBRARIES = YES;
				BUNDLE_LOADER = "$(TEST_HOST)";
				CODE_SIGN_STYLE = Automatic;
				INFOPLIST_FILE = looprTests/Info.plist;
				LD_RUNPATH_SEARCH_PATHS = (
					"$(inherited)",
					"@executable_path/Frameworks",
					"@loader_path/Frameworks",
				);
				PRODUCT_BUNDLE_IDENTIFIER = com.west.looprTests;
				PRODUCT_NAME = "$(TARGET_NAME)";
				SWIFT_VERSION = 5.0;
				TARGETED_DEVICE_FAMILY = "1,2";
				TEST_HOST = "$(BUILT_PRODUCTS_DIR)/loopr.app/loopr";
			};
			name = Release;
		};
		9BB7D7CE2294FD0F00E8E7F6 /* Debug */ = {
			isa = XCBuildConfiguration;
			baseConfigurationReference = 52B68829111FAABA852D061C /* Pods-looprUITests.debug.xcconfig */;
			buildSettings = {
				ALWAYS_EMBED_SWIFT_STANDARD_LIBRARIES = YES;
				CODE_SIGN_STYLE = Automatic;
				INFOPLIST_FILE = looprUITests/Info.plist;
				LD_RUNPATH_SEARCH_PATHS = (
					"$(inherited)",
					"@executable_path/Frameworks",
					"@loader_path/Frameworks",
				);
				PRODUCT_BUNDLE_IDENTIFIER = com.west.looprUITests;
				PRODUCT_NAME = "$(TARGET_NAME)";
				SWIFT_VERSION = 5.0;
				TARGETED_DEVICE_FAMILY = "1,2";
				TEST_TARGET_NAME = loopr;
			};
			name = Debug;
		};
		9BB7D7CF2294FD0F00E8E7F6 /* Release */ = {
			isa = XCBuildConfiguration;
			baseConfigurationReference = B57F4029755AA5A322AFDA1A /* Pods-looprUITests.release.xcconfig */;
			buildSettings = {
				ALWAYS_EMBED_SWIFT_STANDARD_LIBRARIES = YES;
				CODE_SIGN_STYLE = Automatic;
				INFOPLIST_FILE = looprUITests/Info.plist;
				LD_RUNPATH_SEARCH_PATHS = (
					"$(inherited)",
					"@executable_path/Frameworks",
					"@loader_path/Frameworks",
				);
				PRODUCT_BUNDLE_IDENTIFIER = com.west.looprUITests;
				PRODUCT_NAME = "$(TARGET_NAME)";
				SWIFT_VERSION = 5.0;
				TARGETED_DEVICE_FAMILY = "1,2";
				TEST_TARGET_NAME = loopr;
			};
			name = Release;
		};
/* End XCBuildConfiguration section */

/* Begin XCConfigurationList section */
		9BB7D79A2294FD0800E8E7F6 /* Build configuration list for PBXProject "loopr" */ = {
			isa = XCConfigurationList;
			buildConfigurations = (
				9BB7D7C52294FD0F00E8E7F6 /* Debug */,
				9BB7D7C62294FD0F00E8E7F6 /* Release */,
			);
			defaultConfigurationIsVisible = 0;
			defaultConfigurationName = Release;
		};
		9BB7D7C72294FD0F00E8E7F6 /* Build configuration list for PBXNativeTarget "loopr" */ = {
			isa = XCConfigurationList;
			buildConfigurations = (
				9BB7D7C82294FD0F00E8E7F6 /* Debug */,
				9BB7D7C92294FD0F00E8E7F6 /* Release */,
			);
			defaultConfigurationIsVisible = 0;
			defaultConfigurationName = Release;
		};
		9BB7D7CA2294FD0F00E8E7F6 /* Build configuration list for PBXNativeTarget "looprTests" */ = {
			isa = XCConfigurationList;
			buildConfigurations = (
				9BB7D7CB2294FD0F00E8E7F6 /* Debug */,
				9BB7D7CC2294FD0F00E8E7F6 /* Release */,
			);
			defaultConfigurationIsVisible = 0;
			defaultConfigurationName = Release;
		};
		9BB7D7CD2294FD0F00E8E7F6 /* Build configuration list for PBXNativeTarget "looprUITests" */ = {
			isa = XCConfigurationList;
			buildConfigurations = (
				9BB7D7CE2294FD0F00E8E7F6 /* Debug */,
				9BB7D7CF2294FD0F00E8E7F6 /* Release */,
			);
			defaultConfigurationIsVisible = 0;
			defaultConfigurationName = Release;
		};
/* End XCConfigurationList section */
	};
	rootObject = 9BB7D7972294FD0800E8E7F6 /* Project object */;
}
